// !$*UTF8*$!
{
	archiveVersion = 1;
	classes = {
	};
	objectVersion = 46;
	objects = {

/* Begin PBXBuildFile section */
		24DAD7971978633B000E00B7 /* Foundation.framework in Frameworks */ = {isa = PBXBuildFile; fileRef = 24DAD7961978633B000E00B7 /* Foundation.framework */; };
		24DAD7991978633B000E00B7 /* CoreGraphics.framework in Frameworks */ = {isa = PBXBuildFile; fileRef = 24DAD7981978633B000E00B7 /* CoreGraphics.framework */; };
		24DAD79B1978633B000E00B7 /* UIKit.framework in Frameworks */ = {isa = PBXBuildFile; fileRef = 24DAD79A1978633B000E00B7 /* UIKit.framework */; };
		24DAD7A11978633B000E00B7 /* InfoPlist.strings in Resources */ = {isa = PBXBuildFile; fileRef = 24DAD79F1978633B000E00B7 /* InfoPlist.strings */; };
		24DAD7A31978633B000E00B7 /* main.m in Sources */ = {isa = PBXBuildFile; fileRef = 24DAD7A21978633B000E00B7 /* main.m */; };
		24DAD7A71978633B000E00B7 /* AppDelegate.m in Sources */ = {isa = PBXBuildFile; fileRef = 24DAD7A61978633B000E00B7 /* AppDelegate.m */; };
		24DAD7AA1978633B000E00B7 /* Main_iPhone.storyboard in Resources */ = {isa = PBXBuildFile; fileRef = 24DAD7A81978633B000E00B7 /* Main_iPhone.storyboard */; };
		24DAD7AD1978633B000E00B7 /* Main_iPad.storyboard in Resources */ = {isa = PBXBuildFile; fileRef = 24DAD7AB1978633B000E00B7 /* Main_iPad.storyboard */; };
		24DAD7B01978633B000E00B7 /* ViewController.m in Sources */ = {isa = PBXBuildFile; fileRef = 24DAD7AF1978633B000E00B7 /* ViewController.m */; };
		24DAD7B21978633B000E00B7 /* Images.xcassets in Resources */ = {isa = PBXBuildFile; fileRef = 24DAD7B11978633B000E00B7 /* Images.xcassets */; };
		24DAD7B91978633B000E00B7 /* XCTest.framework in Frameworks */ = {isa = PBXBuildFile; fileRef = 24DAD7B81978633B000E00B7 /* XCTest.framework */; };
		24DAD7BA1978633B000E00B7 /* Foundation.framework in Frameworks */ = {isa = PBXBuildFile; fileRef = 24DAD7961978633B000E00B7 /* Foundation.framework */; };
		24DAD7BB1978633B000E00B7 /* UIKit.framework in Frameworks */ = {isa = PBXBuildFile; fileRef = 24DAD79A1978633B000E00B7 /* UIKit.framework */; };
		24DAD7C31978633B000E00B7 /* InfoPlist.strings in Resources */ = {isa = PBXBuildFile; fileRef = 24DAD7C11978633B000E00B7 /* InfoPlist.strings */; };
		24DAD7C51978633B000E00B7 /* LighthouseTests.m in Sources */ = {isa = PBXBuildFile; fileRef = 24DAD7C41978633B000E00B7 /* LighthouseTests.m */; };
		24DAD7D319786504000E00B7 /* SWRevealViewController.m in Sources */ = {isa = PBXBuildFile; fileRef = 24DAD7D219786504000E00B7 /* SWRevealViewController.m */; };
/* End PBXBuildFile section */

/* Begin PBXContainerItemProxy section */
		24DAD7BC1978633B000E00B7 /* PBXContainerItemProxy */ = {
			isa = PBXContainerItemProxy;
			containerPortal = 24DAD78B1978633B000E00B7 /* Project object */;
			proxyType = 1;
			remoteGlobalIDString = 24DAD7921978633B000E00B7;
			remoteInfo = Lighthouse;
		};
/* End PBXContainerItemProxy section */

/* Begin PBXFileReference section */
		24DAD7931978633B000E00B7 /* Lighthouse.app */ = {isa = PBXFileReference; explicitFileType = wrapper.application; includeInIndex = 0; path = Lighthouse.app; sourceTree = BUILT_PRODUCTS_DIR; };
		24DAD7961978633B000E00B7 /* Foundation.framework */ = {isa = PBXFileReference; lastKnownFileType = wrapper.framework; name = Foundation.framework; path = System/Library/Frameworks/Foundation.framework; sourceTree = SDKROOT; };
		24DAD7981978633B000E00B7 /* CoreGraphics.framework */ = {isa = PBXFileReference; lastKnownFileType = wrapper.framework; name = CoreGraphics.framework; path = System/Library/Frameworks/CoreGraphics.framework; sourceTree = SDKROOT; };
		24DAD79A1978633B000E00B7 /* UIKit.framework */ = {isa = PBXFileReference; lastKnownFileType = wrapper.framework; name = UIKit.framework; path = System/Library/Frameworks/UIKit.framework; sourceTree = SDKROOT; };
		24DAD79E1978633B000E00B7 /* Lighthouse-Info.plist */ = {isa = PBXFileReference; lastKnownFileType = text.plist.xml; path = "Lighthouse-Info.plist"; sourceTree = "<group>"; };
		24DAD7A01978633B000E00B7 /* en */ = {isa = PBXFileReference; lastKnownFileType = text.plist.strings; name = en; path = en.lproj/InfoPlist.strings; sourceTree = "<group>"; };
		24DAD7A21978633B000E00B7 /* main.m */ = {isa = PBXFileReference; lastKnownFileType = sourcecode.c.objc; path = main.m; sourceTree = "<group>"; };
		24DAD7A41978633B000E00B7 /* Lighthouse-Prefix.pch */ = {isa = PBXFileReference; lastKnownFileType = sourcecode.c.h; path = "Lighthouse-Prefix.pch"; sourceTree = "<group>"; };
		24DAD7A51978633B000E00B7 /* AppDelegate.h */ = {isa = PBXFileReference; lastKnownFileType = sourcecode.c.h; path = AppDelegate.h; sourceTree = "<group>"; };
		24DAD7A61978633B000E00B7 /* AppDelegate.m */ = {isa = PBXFileReference; lastKnownFileType = sourcecode.c.objc; path = AppDelegate.m; sourceTree = "<group>"; };
		24DAD7A91978633B000E00B7 /* Base */ = {isa = PBXFileReference; lastKnownFileType = file.storyboard; name = Base; path = Base.lproj/Main_iPhone.storyboard; sourceTree = "<group>"; };
		24DAD7AC1978633B000E00B7 /* Base */ = {isa = PBXFileReference; lastKnownFileType = file.storyboard; name = Base; path = Base.lproj/Main_iPad.storyboard; sourceTree = "<group>"; };
		24DAD7AE1978633B000E00B7 /* ViewController.h */ = {isa = PBXFileReference; lastKnownFileType = sourcecode.c.h; path = ViewController.h; sourceTree = "<group>"; };
		24DAD7AF1978633B000E00B7 /* ViewController.m */ = {isa = PBXFileReference; lastKnownFileType = sourcecode.c.objc; path = ViewController.m; sourceTree = "<group>"; };
		24DAD7B11978633B000E00B7 /* Images.xcassets */ = {isa = PBXFileReference; lastKnownFileType = folder.assetcatalog; path = Images.xcassets; sourceTree = "<group>"; };
		24DAD7B71978633B000E00B7 /* LighthouseTests.xctest */ = {isa = PBXFileReference; explicitFileType = wrapper.cfbundle; includeInIndex = 0; path = LighthouseTests.xctest; sourceTree = BUILT_PRODUCTS_DIR; };
		24DAD7B81978633B000E00B7 /* XCTest.framework */ = {isa = PBXFileReference; lastKnownFileType = wrapper.framework; name = XCTest.framework; path = Library/Frameworks/XCTest.framework; sourceTree = DEVELOPER_DIR; };
		24DAD7C01978633B000E00B7 /* LighthouseTests-Info.plist */ = {isa = PBXFileReference; lastKnownFileType = text.plist.xml; path = "LighthouseTests-Info.plist"; sourceTree = "<group>"; };
		24DAD7C21978633B000E00B7 /* en */ = {isa = PBXFileReference; lastKnownFileType = text.plist.strings; name = en; path = en.lproj/InfoPlist.strings; sourceTree = "<group>"; };
		24DAD7C41978633B000E00B7 /* LighthouseTests.m */ = {isa = PBXFileReference; lastKnownFileType = sourcecode.c.objc; path = LighthouseTests.m; sourceTree = "<group>"; };
		24DAD7D119786504000E00B7 /* SWRevealViewController.h */ = {isa = PBXFileReference; fileEncoding = 4; lastKnownFileType = sourcecode.c.h; name = SWRevealViewController.h; path = Reveal/SWRevealViewController.h; sourceTree = "<group>"; };
		24DAD7D219786504000E00B7 /* SWRevealViewController.m */ = {isa = PBXFileReference; fileEncoding = 4; lastKnownFileType = sourcecode.c.objc; name = SWRevealViewController.m; path = Reveal/SWRevealViewController.m; sourceTree = "<group>"; };
/* End PBXFileReference section */

/* Begin PBXFrameworksBuildPhase section */
		24DAD7901978633B000E00B7 /* Frameworks */ = {
			isa = PBXFrameworksBuildPhase;
			buildActionMask = 2147483647;
			files = (
				24DAD7991978633B000E00B7 /* CoreGraphics.framework in Frameworks */,
				24DAD79B1978633B000E00B7 /* UIKit.framework in Frameworks */,
				24DAD7971978633B000E00B7 /* Foundation.framework in Frameworks */,
			);
			runOnlyForDeploymentPostprocessing = 0;
		};
		24DAD7B41978633B000E00B7 /* Frameworks */ = {
			isa = PBXFrameworksBuildPhase;
			buildActionMask = 2147483647;
			files = (
				24DAD7B91978633B000E00B7 /* XCTest.framework in Frameworks */,
				24DAD7BB1978633B000E00B7 /* UIKit.framework in Frameworks */,
				24DAD7BA1978633B000E00B7 /* Foundation.framework in Frameworks */,
			);
			runOnlyForDeploymentPostprocessing = 0;
		};
/* End PBXFrameworksBuildPhase section */

/* Begin PBXGroup section */
		24DAD78A1978633B000E00B7 = {
			isa = PBXGroup;
			children = (
				24DAD79C1978633B000E00B7 /* Lighthouse */,
				24DAD7BE1978633B000E00B7 /* LighthouseTests */,
				24DAD7951978633B000E00B7 /* Frameworks */,
				24DAD7941978633B000E00B7 /* Products */,
			);
			sourceTree = "<group>";
		};
		24DAD7941978633B000E00B7 /* Products */ = {
			isa = PBXGroup;
			children = (
				24DAD7931978633B000E00B7 /* Lighthouse.app */,
				24DAD7B71978633B000E00B7 /* LighthouseTests.xctest */,
			);
			name = Products;
			sourceTree = "<group>";
		};
		24DAD7951978633B000E00B7 /* Frameworks */ = {
			isa = PBXGroup;
			children = (
				24DAD7961978633B000E00B7 /* Foundation.framework */,
				24DAD7981978633B000E00B7 /* CoreGraphics.framework */,
				24DAD79A1978633B000E00B7 /* UIKit.framework */,
				24DAD7B81978633B000E00B7 /* XCTest.framework */,
			);
			name = Frameworks;
			sourceTree = "<group>";
		};
		24DAD79C1978633B000E00B7 /* Lighthouse */ = {
			isa = PBXGroup;
			children = (
				24DAD7A51978633B000E00B7 /* AppDelegate.h */,
				24DAD7A61978633B000E00B7 /* AppDelegate.m */,
				24DAD7A81978633B000E00B7 /* Main_iPhone.storyboard */,
				24DAD7AB1978633B000E00B7 /* Main_iPad.storyboard */,
				24DAD7AE1978633B000E00B7 /* ViewController.h */,
				24DAD7AF1978633B000E00B7 /* ViewController.m */,
				24DAD7D019786459000E00B7 /* ViewControllers */,
				24DAD7CF1978644B000E00B7 /* Models */,
				24DAD7B11978633B000E00B7 /* Images.xcassets */,
				24DAD79D1978633B000E00B7 /* Supporting Files */,
			);
			path = Lighthouse;
			sourceTree = "<group>";
		};
		24DAD79D1978633B000E00B7 /* Supporting Files */ = {
			isa = PBXGroup;
			children = (
				24DAD79E1978633B000E00B7 /* Lighthouse-Info.plist */,
				24DAD79F1978633B000E00B7 /* InfoPlist.strings */,
				24DAD7A21978633B000E00B7 /* main.m */,
				24DAD7A41978633B000E00B7 /* Lighthouse-Prefix.pch */,
			);
			name = "Supporting Files";
			sourceTree = "<group>";
		};
		24DAD7BE1978633B000E00B7 /* LighthouseTests */ = {
			isa = PBXGroup;
			children = (
				24DAD7C41978633B000E00B7 /* LighthouseTests.m */,
				24DAD7BF1978633B000E00B7 /* Supporting Files */,
			);
			path = LighthouseTests;
			sourceTree = "<group>";
		};
		24DAD7BF1978633B000E00B7 /* Supporting Files */ = {
			isa = PBXGroup;
			children = (
				24DAD7C01978633B000E00B7 /* LighthouseTests-Info.plist */,
				24DAD7C11978633B000E00B7 /* InfoPlist.strings */,
			);
			name = "Supporting Files";
			sourceTree = "<group>";
		};
		24DAD7CE19786432000E00B7 /* Reveal */ = {
			isa = PBXGroup;
			children = (
				24DAD7D119786504000E00B7 /* SWRevealViewController.h */,
				24DAD7D219786504000E00B7 /* SWRevealViewController.m */,
			);
			name = Reveal;
			sourceTree = "<group>";
		};
		24DAD7CF1978644B000E00B7 /* Models */ = {
			isa = PBXGroup;
			children = (
			);
			name = Models;
			sourceTree = "<group>";
		};
		24DAD7D019786459000E00B7 /* ViewControllers */ = {
			isa = PBXGroup;
			children = (
				24DAD7CE19786432000E00B7 /* Reveal */,
			);
			name = ViewControllers;
			sourceTree = "<group>";
		};
/* End PBXGroup section */

/* Begin PBXNativeTarget section */
		24DAD7921978633B000E00B7 /* Lighthouse */ = {
			isa = PBXNativeTarget;
			buildConfigurationList = 24DAD7C81978633B000E00B7 /* Build configuration list for PBXNativeTarget "Lighthouse" */;
			buildPhases = (
				24DAD78F1978633B000E00B7 /* Sources */,
				24DAD7901978633B000E00B7 /* Frameworks */,
				24DAD7911978633B000E00B7 /* Resources */,
			);
			buildRules = (
			);
			dependencies = (
			);
			name = Lighthouse;
			productName = Lighthouse;
			productReference = 24DAD7931978633B000E00B7 /* Lighthouse.app */;
			productType = "com.apple.product-type.application";
		};
		24DAD7B61978633B000E00B7 /* LighthouseTests */ = {
			isa = PBXNativeTarget;
			buildConfigurationList = 24DAD7CB1978633B000E00B7 /* Build configuration list for PBXNativeTarget "LighthouseTests" */;
			buildPhases = (
				24DAD7B31978633B000E00B7 /* Sources */,
				24DAD7B41978633B000E00B7 /* Frameworks */,
				24DAD7B51978633B000E00B7 /* Resources */,
			);
			buildRules = (
			);
			dependencies = (
				24DAD7BD1978633B000E00B7 /* PBXTargetDependency */,
			);
			name = LighthouseTests;
			productName = LighthouseTests;
			productReference = 24DAD7B71978633B000E00B7 /* LighthouseTests.xctest */;
			productType = "com.apple.product-type.bundle.unit-test";
		};
/* End PBXNativeTarget section */

/* Begin PBXProject section */
		24DAD78B1978633B000E00B7 /* Project object */ = {
			isa = PBXProject;
			attributes = {
				LastUpgradeCheck = 0510;
				ORGANIZATIONNAME = "Timothy Figura";
				TargetAttributes = {
					24DAD7B61978633B000E00B7 = {
						TestTargetID = 24DAD7921978633B000E00B7;
					};
				};
			};
			buildConfigurationList = 24DAD78E1978633B000E00B7 /* Build configuration list for PBXProject "Lighthouse" */;
			compatibilityVersion = "Xcode 3.2";
			developmentRegion = English;
			hasScannedForEncodings = 0;
			knownRegions = (
				en,
				Base,
			);
			mainGroup = 24DAD78A1978633B000E00B7;
			productRefGroup = 24DAD7941978633B000E00B7 /* Products */;
			projectDirPath = "";
			projectRoot = "";
			targets = (
				24DAD7921978633B000E00B7 /* Lighthouse */,
				24DAD7B61978633B000E00B7 /* LighthouseTests */,
			);
		};
/* End PBXProject section */

/* Begin PBXResourcesBuildPhase section */
		24DAD7911978633B000E00B7 /* Resources */ = {
			isa = PBXResourcesBuildPhase;
			buildActionMask = 2147483647;
			files = (
				24DAD7AD1978633B000E00B7 /* Main_iPad.storyboard in Resources */,
				24DAD7B21978633B000E00B7 /* Images.xcassets in Resources */,
				24DAD7AA1978633B000E00B7 /* Main_iPhone.storyboard in Resources */,
				24DAD7A11978633B000E00B7 /* InfoPlist.strings in Resources */,
			);
			runOnlyForDeploymentPostprocessing = 0;
		};
		24DAD7B51978633B000E00B7 /* Resources */ = {
			isa = PBXResourcesBuildPhase;
			buildActionMask = 2147483647;
			files = (
				24DAD7C31978633B000E00B7 /* InfoPlist.strings in Resources */,
			);
			runOnlyForDeploymentPostprocessing = 0;
		};
/* End PBXResourcesBuildPhase section */

/* Begin PBXSourcesBuildPhase section */
		24DAD78F1978633B000E00B7 /* Sources */ = {
			isa = PBXSourcesBuildPhase;
			buildActionMask = 2147483647;
			files = (
				24DAD7B01978633B000E00B7 /* ViewController.m in Sources */,
				24DAD7A71978633B000E00B7 /* AppDelegate.m in Sources */,
				24DAD7A31978633B000E00B7 /* main.m in Sources */,
				24DAD7D319786504000E00B7 /* SWRevealViewController.m in Sources */,
			);
			runOnlyForDeploymentPostprocessing = 0;
		};
		24DAD7B31978633B000E00B7 /* Sources */ = {
			isa = PBXSourcesBuildPhase;
			buildActionMask = 2147483647;
			files = (
				24DAD7C51978633B000E00B7 /* LighthouseTests.m in Sources */,
			);
			runOnlyForDeploymentPostprocessing = 0;
		};
/* End PBXSourcesBuildPhase section */

/* Begin PBXTargetDependency section */
		24DAD7BD1978633B000E00B7 /* PBXTargetDependency */ = {
			isa = PBXTargetDependency;
			target = 24DAD7921978633B000E00B7 /* Lighthouse */;
			targetProxy = 24DAD7BC1978633B000E00B7 /* PBXContainerItemProxy */;
		};
/* End PBXTargetDependency section */

/* Begin PBXVariantGroup section */
		24DAD79F1978633B000E00B7 /* InfoPlist.strings */ = {
			isa = PBXVariantGroup;
			children = (
				24DAD7A01978633B000E00B7 /* en */,
			);
			name = InfoPlist.strings;
			sourceTree = "<group>";
		};
		24DAD7A81978633B000E00B7 /* Main_iPhone.storyboard */ = {
			isa = PBXVariantGroup;
			children = (
				24DAD7A91978633B000E00B7 /* Base */,
			);
			name = Main_iPhone.storyboard;
			sourceTree = "<group>";
		};
		24DAD7AB1978633B000E00B7 /* Main_iPad.storyboard */ = {
			isa = PBXVariantGroup;
			children = (
				24DAD7AC1978633B000E00B7 /* Base */,
			);
			name = Main_iPad.storyboard;
			sourceTree = "<group>";
		};
		24DAD7C11978633B000E00B7 /* InfoPlist.strings */ = {
			isa = PBXVariantGroup;
			children = (
				24DAD7C21978633B000E00B7 /* en */,
			);
			name = InfoPlist.strings;
			sourceTree = "<group>";
		};
/* End PBXVariantGroup section */

/* Begin XCBuildConfiguration section */
		24DAD7C61978633B000E00B7 /* Debug */ = {
			isa = XCBuildConfiguration;
			buildSettings = {
				ALWAYS_SEARCH_USER_PATHS = NO;
				CLANG_CXX_LANGUAGE_STANDARD = "gnu++0x";
				CLANG_CXX_LIBRARY = "libc++";
				CLANG_ENABLE_MODULES = YES;
				CLANG_ENABLE_OBJC_ARC = YES;
				CLANG_WARN_BOOL_CONVERSION = YES;
				CLANG_WARN_CONSTANT_CONVERSION = YES;
				CLANG_WARN_DIRECT_OBJC_ISA_USAGE = YES_ERROR;
				CLANG_WARN_EMPTY_BODY = YES;
				CLANG_WARN_ENUM_CONVERSION = YES;
				CLANG_WARN_INT_CONVERSION = YES;
				CLANG_WARN_OBJC_ROOT_CLASS = YES_ERROR;
				CLANG_WARN__DUPLICATE_METHOD_MATCH = YES;
				"CODE_SIGN_IDENTITY[sdk=iphoneos*]" = "iPhone Developer";
				COPY_PHASE_STRIP = NO;
				GCC_C_LANGUAGE_STANDARD = gnu99;
				GCC_DYNAMIC_NO_PIC = NO;
				GCC_OPTIMIZATION_LEVEL = 0;
				GCC_PREPROCESSOR_DEFINITIONS = (
					"DEBUG=1",
					"$(inherited)",
				);
				GCC_SYMBOLS_PRIVATE_EXTERN = NO;
				GCC_WARN_64_TO_32_BIT_CONVERSION = YES;
				GCC_WARN_ABOUT_RETURN_TYPE = YES_ERROR;
				GCC_WARN_UNDECLARED_SELECTOR = YES;
				GCC_WARN_UNINITIALIZED_AUTOS = YES_AGGRESSIVE;
				GCC_WARN_UNUSED_FUNCTION = YES;
				GCC_WARN_UNUSED_VARIABLE = YES;
				IPHONEOS_DEPLOYMENT_TARGET = 7.1;
				ONLY_ACTIVE_ARCH = YES;
				SDKROOT = iphoneos;
				TARGETED_DEVICE_FAMILY = "1,2";
			};
			name = Debug;
		};
		24DAD7C71978633B000E00B7 /* Release */ = {
			isa = XCBuildConfiguration;
			buildSettings = {
				ALWAYS_SEARCH_USER_PATHS = NO;
				CLANG_CXX_LANGUAGE_STANDARD = "gnu++0x";
				CLANG_CXX_LIBRARY = "libc++";
				CLANG_ENABLE_MODULES = YES;
				CLANG_ENABLE_OBJC_ARC = YES;
				CLANG_WARN_BOOL_CONVERSION = YES;
				CLANG_WARN_CONSTANT_CONVERSION = YES;
				CLANG_WARN_DIRECT_OBJC_ISA_USAGE = YES_ERROR;
				CLANG_WARN_EMPTY_BODY = YES;
				CLANG_WARN_ENUM_CONVERSION = YES;
				CLANG_WARN_INT_CONVERSION = YES;
				CLANG_WARN_OBJC_ROOT_CLASS = YES_ERROR;
				CLANG_WARN__DUPLICATE_METHOD_MATCH = YES;
				"CODE_SIGN_IDENTITY[sdk=iphoneos*]" = "iPhone Developer";
				COPY_PHASE_STRIP = YES;
				ENABLE_NS_ASSERTIONS = NO;
				GCC_C_LANGUAGE_STANDARD = gnu99;
				GCC_WARN_64_TO_32_BIT_CONVERSION = YES;
				GCC_WARN_ABOUT_RETURN_TYPE = YES_ERROR;
				GCC_WARN_UNDECLARED_SELECTOR = YES;
				GCC_WARN_UNINITIALIZED_AUTOS = YES_AGGRESSIVE;
				GCC_WARN_UNUSED_FUNCTION = YES;
				GCC_WARN_UNUSED_VARIABLE = YES;
				IPHONEOS_DEPLOYMENT_TARGET = 7.1;
				SDKROOT = iphoneos;
				TARGETED_DEVICE_FAMILY = "1,2";
				VALIDATE_PRODUCT = YES;
			};
			name = Release;
		};
		24DAD7C91978633B000E00B7 /* Debug */ = {
			isa = XCBuildConfiguration;
			buildSettings = {
				ASSETCATALOG_COMPILER_APPICON_NAME = AppIcon;
				ASSETCATALOG_COMPILER_LAUNCHIMAGE_NAME = LaunchImage;
				GCC_PRECOMPILE_PREFIX_HEADER = YES;
				GCC_PREFIX_HEADER = "Lighthouse/Lighthouse-Prefix.pch";
				INFOPLIST_FILE = "Lighthouse/Lighthouse-Info.plist";
				PRODUCT_NAME = "$(TARGET_NAME)";
				WRAPPER_EXTENSION = app;
			};
			name = Debug;
		};
		24DAD7CA1978633B000E00B7 /* Release */ = {
			isa = XCBuildConfiguration;
			buildSettings = {
				ASSETCATALOG_COMPILER_APPICON_NAME = AppIcon;
				ASSETCATALOG_COMPILER_LAUNCHIMAGE_NAME = LaunchImage;
				GCC_PRECOMPILE_PREFIX_HEADER = YES;
				GCC_PREFIX_HEADER = "Lighthouse/Lighthouse-Prefix.pch";
				INFOPLIST_FILE = "Lighthouse/Lighthouse-Info.plist";
				PRODUCT_NAME = "$(TARGET_NAME)";
				WRAPPER_EXTENSION = app;
			};
			name = Release;
		};
		24DAD7CC1978633B000E00B7 /* Debug */ = {
			isa = XCBuildConfiguration;
			buildSettings = {
				BUNDLE_LOADER = "$(BUILT_PRODUCTS_DIR)/Lighthouse.app/Lighthouse";
				FRAMEWORK_SEARCH_PATHS = (
					"$(SDKROOT)/Developer/Library/Frameworks",
					"$(inherited)",
					"$(DEVELOPER_FRAMEWORKS_DIR)",
				);
				GCC_PRECOMPILE_PREFIX_HEADER = YES;
				GCC_PREFIX_HEADER = "Lighthouse/Lighthouse-Prefix.pch";
				GCC_PREPROCESSOR_DEFINITIONS = (
					"DEBUG=1",
					"$(inherited)",
				);
				INFOPLIST_FILE = "LighthouseTests/LighthouseTests-Info.plist";
				PRODUCT_NAME = "$(TARGET_NAME)";
				TEST_HOST = "$(BUNDLE_LOADER)";
				WRAPPER_EXTENSION = xctest;
			};
			name = Debug;
		};
		24DAD7CD1978633B000E00B7 /* Release */ = {
			isa = XCBuildConfiguration;
			buildSettings = {
				BUNDLE_LOADER = "$(BUILT_PRODUCTS_DIR)/Lighthouse.app/Lighthouse";
				FRAMEWORK_SEARCH_PATHS = (
					"$(SDKROOT)/Developer/Library/Frameworks",
					"$(inherited)",
					"$(DEVELOPER_FRAMEWORKS_DIR)",
				);
				GCC_PRECOMPILE_PREFIX_HEADER = YES;
				GCC_PREFIX_HEADER = "Lighthouse/Lighthouse-Prefix.pch";
				INFOPLIST_FILE = "LighthouseTests/LighthouseTests-Info.plist";
				PRODUCT_NAME = "$(TARGET_NAME)";
				TEST_HOST = "$(BUNDLE_LOADER)";
				WRAPPER_EXTENSION = xctest;
			};
			name = Release;
		};
/* End XCBuildConfiguration section */

/* Begin XCConfigurationList section */
		24DAD78E1978633B000E00B7 /* Build configuration list for PBXProject "Lighthouse" */ = {
			isa = XCConfigurationList;
			buildConfigurations = (
				24DAD7C61978633B000E00B7 /* Debug */,
				24DAD7C71978633B000E00B7 /* Release */,
			);
			defaultConfigurationIsVisible = 0;
			defaultConfigurationName = Release;
		};
		24DAD7C81978633B000E00B7 /* Build configuration list for PBXNativeTarget "Lighthouse" */ = {
			isa = XCConfigurationList;
			buildConfigurations = (
				24DAD7C91978633B000E00B7 /* Debug */,
				24DAD7CA1978633B000E00B7 /* Release */,
			);
			defaultConfigurationIsVisible = 0;
		};
		24DAD7CB1978633B000E00B7 /* Build configuration list for PBXNativeTarget "LighthouseTests" */ = {
			isa = XCConfigurationList;
			buildConfigurations = (
				24DAD7CC1978633B000E00B7 /* Debug */,
				24DAD7CD1978633B000E00B7 /* Release */,
			);
			defaultConfigurationIsVisible = 0;
		};
/* End XCConfigurationList section */
	};
	rootObject = 24DAD78B1978633B000E00B7 /* Project object */;
}
